
Microsoft Visual Studio Solution File, Format Version 12.00
# Visual Studio Version 17
VisualStudioVersion = 17.2.32526.322
MinimumVisualStudioVersion = 10.0.40219.1
Project("{8BC9CEB8-8B4A-11D0-8D11-00A0C91BC942}") = "TqkLibrary.GSM", "TqkLibrary.GSM\TqkLibrary.GSM.vcxproj", "{0BEA2A03-927C-47AC-A114-36944868F2BD}"
EndProject
Project("{9A19103F-16F7-4668-BE54-9A1E7A4F7556}") = "GsmAtWrapper", "GsmAtWrapper\GsmAtWrapper.csproj", "{13AEDCA0-3E7F-4864-9561-8AF2C6BC3F10}"
EndProject
Project("{FAE04EC0-301F-11D3-BF4B-00C04F79EFBC}") = "TestConsole", "TestConsole\TestConsole.csproj", "{72DE7896-3E0E-400E-B06E-0405C9E07C0A}"
EndProject
Global
	GlobalSection(SolutionConfigurationPlatforms) = preSolution
		Debug|x64 = Debug|x64
		Debug|x86 = Debug|x86
		Release|x64 = Release|x64
		Release|x86 = Release|x86
	EndGlobalSection
	GlobalSection(ProjectConfigurationPlatforms) = postSolution
		{0BEA2A03-927C-47AC-A114-36944868F2BD}.Debug|x64.ActiveCfg = Debug|x64
		{0BEA2A03-927C-47AC-A114-36944868F2BD}.Debug|x64.Build.0 = Debug|x64
		{0BEA2A03-927C-47AC-A114-36944868F2BD}.Debug|x86.ActiveCfg = Debug|Win32
		{0BEA2A03-927C-47AC-A114-36944868F2BD}.Debug|x86.Build.0 = Debug|Win32
		{0BEA2A03-927C-47AC-A114-36944868F2BD}.Release|x64.ActiveCfg = Release|x64
		{0BEA2A03-927C-47AC-A114-36944868F2BD}.Release|x64.Build.0 = Release|x64
		{0BEA2A03-927C-47AC-A114-36944868F2BD}.Release|x86.ActiveCfg = Release|Win32
		{0BEA2A03-927C-47AC-A114-36944868F2BD}.Release|x86.Build.0 = Release|Win32
		{13AEDCA0-3E7F-4864-9561-8AF2C6BC3F10}.Debug|x64.ActiveCfg = Debug|Any CPU
		{13AEDCA0-3E7F-4864-9561-8AF2C6BC3F10}.Debug|x64.Build.0 = Debug|Any CPU
		{13AEDCA0-3E7F-4864-9561-8AF2C6BC3F10}.Debug|x86.ActiveCfg = Debug|Any CPU
		{13AEDCA0-3E7F-4864-9561-8AF2C6BC3F10}.Debug|x86.Build.0 = Debug|Any CPU
		{13AEDCA0-3E7F-4864-9561-8AF2C6BC3F10}.Release|x64.ActiveCfg = Release|Any CPU
		{13AEDCA0-3E7F-4864-9561-8AF2C6BC3F10}.Release|x64.Build.0 = Release|Any CPU
		{13AEDCA0-3E7F-4864-9561-8AF2C6BC3F10}.Release|x86.ActiveCfg = Release|Any CPU
		{13AEDCA0-3E7F-4864-9561-8AF2C6BC3F10}.Release|x86.Build.0 = Release|Any CPU
		{72DE7896-3E0E-400E-B06E-0405C9E07C0A}.Debug|x64.ActiveCfg = Debug|Any CPU
		{72DE7896-3E0E-400E-B06E-0405C9E07C0A}.Debug|x64.Build.0 = Debug|Any CPU
		{72DE7896-3E0E-400E-B06E-0405C9E07C0A}.Debug|x86.ActiveCfg = Debug|Any CPU
		{72DE7896-3E0E-400E-B06E-0405C9E07C0A}.Debug|x86.Build.0 = Debug|Any CPU
		{72DE7896-3E0E-400E-B06E-0405C9E07C0A}.Release|x64.ActiveCfg = Release|Any CPU
		{72DE7896-3E0E-400E-B06E-0405C9E07C0A}.Release|x64.Build.0 = Release|Any CPU
		{72DE7896-3E0E-400E-B06E-0405C9E07C0A}.Release|x86.ActiveCfg = Release|Any CPU
		{72DE7896-3E0E-400E-B06E-0405C9E07C0A}.Release|x86.Build.0 = Release|Any CPU
	EndGlobalSection
	GlobalSection(SolutionProperties) = preSolution
		HideSolutionNode = FALSE
	EndGlobalSection
	GlobalSection(ExtensibilityGlobals) = postSolution
		SolutionGuid = {C89870CF-653C-4A9B-AE93-ADA0E699BDB2}
	EndGlobalSection
EndGlobal
